{
  "nodes": {
    "fenix": {
      "inputs": {
        "nixpkgs": [
          "nixpkgs"
        ],
        "rust-analyzer-src": "rust-analyzer-src"
      },
      "locked": {
        "lastModified": 1763275509,
        "narHash": "sha256-DBlu2+xPvGBaNn4RbNaw7r62lzBrf/tOKLgMYlEYhvg=",
        "owner": "nix-community",
        "repo": "fenix",
        "rev": "947fdabcc3a51cec1e38641a11d4cb655fe252e7",
        "type": "github"
      },
      "original": {
        "owner": "nix-community",
        "repo": "fenix",
        "type": "github"
      }
    },
    "nixpkgs": {
      "locked": {
        "lastModified": 1763312402,
        "narHash": "sha256-3YJkOBrFpmcusnh7i8GXXEyh7qZG/8F5z5+717550Hk=",
        "owner": "nixos",
        "repo": "nixpkgs",
        "rev": "85a6c4a07faa12aaccd81b36ba9bfc2bec974fa1",
        "type": "github"
      },
      "original": {
        "owner": "nixos",
        "ref": "nixpkgs-unstable",
        "repo": "nixpkgs",
        "type": "github"
      }
    },
    "root": {
      "inputs": {
        "fenix": "fenix",
        "nixpkgs": "nixpkgs"
      }
    },
    "rust-analyzer-src": {
      "flake": false,
      "locked": {
        "lastModified": 1762860488,
        "narHash": "sha256-rMfWMCOo/pPefM2We0iMBLi2kLBAnYoB9thi4qS7uk4=",
        "owner": "rust-lang",
        "repo": "rust-analyzer",
        "rev": "2efc80078029894eec0699f62ec8d5c1a56af763",
        "type": "github"
      },
      "original": {
        "owner": "rust-lang",
        "ref": "nightly",
        "repo": "rust-analyzer",
        "type": "github"
      }
    }
  },
  "root": "root",
  "version": 7
}
